<?xml version="1.0" encoding="utf-8"?>
<Project ToolsVersion="4.0" xmlns="http://schemas.microsoft.com/developer/msbuild/2003">
  <ItemGroup>
    <Filter Include="源文件">
      <UniqueIdentifier>{4FC737F1-C7A5-4376-A066-2A32D752A2FF}</UniqueIdentifier>
      <Extensions>cpp;c;cc;cxx;c++;cppm;ixx;def;odl;idl;hpj;bat;asm;asmx</Extensions>
    </Filter>
    <Filter Include="头文件">
      <UniqueIdentifier>{93995380-89BD-4b04-88EB-625FBE52EBFB}</UniqueIdentifier>
      <Extensions>h;hh;hpp;hxx;h++;hm;inl;inc;ipp;xsd</Extensions>
    </Filter>
    <Filter Include="资源文件">
      <UniqueIdentifier>{67DA6AB6-F800-4c08-8B7A-83BB121AAD01}</UniqueIdentifier>
      <Extensions>rc;ico;cur;bmp;dlg;rc2;rct;bin;rgs;gif;jpg;jpeg;jpe;resx;tiff;tif;png;wav;mfcribbon-ms</Extensions>
    </Filter>
    <Filter Include="头文件\ast_build">
      <UniqueIdentifier>{55d1df9f-51f4-4eec-a9ed-b8d6237a6018}</UniqueIdentifier>
    </Filter>
  </ItemGroup>
  <ItemGroup>
    <ClCompile Include="eplc.cpp">
      <Filter>源文件</Filter>
    </ClCompile>
    <ClCompile Include="src\help.cpp">
      <Filter>源文件</Filter>
    </ClCompile>
    <ClCompile Include="include\EplObjMap.cpp">
      <Filter>源文件</Filter>
    </ClCompile>
  </ItemGroup>
  <ItemGroup>
    <ClInclude Include="include\utils.hpp">
      <Filter>头文件</Filter>
    </ClInclude>
    <ClInclude Include="include\tace.hpp">
      <Filter>头文件</Filter>
    </ClInclude>
    <ClInclude Include="include\eplc.h">
      <Filter>头文件</Filter>
    </ClInclude>
    <ClInclude Include="include\EplSegMent.hpp">
      <Filter>头文件\ast_build</Filter>
    </ClInclude>
    <ClInclude Include="include\EplCodeAnalyzer.hpp">
      <Filter>头文件\ast_build</Filter>
    </ClInclude>
    <ClInclude Include="include\EplCDependencies.hpp">
      <Filter>头文件\ast_build</Filter>
    </ClInclude>
    <ClInclude Include="include\EplSysInfo.hpp">
      <Filter>头文件\ast_build</Filter>
    </ClInclude>
    <ClInclude Include="include\EplUserInfo.hpp">
      <Filter>头文件\ast_build</Filter>
    </ClInclude>
    <ClInclude Include="include\EplCodeSection.hpp">
      <Filter>头文件\ast_build</Filter>
    </ClInclude>
    <ClInclude Include="include\EplResourceSection.hpp">
      <Filter>头文件\ast_build</Filter>
    </ClInclude>
    <ClInclude Include="include\EplCodeAst.hpp">
      <Filter>头文件\ast_build</Filter>
    </ClInclude>
    <ClInclude Include="include\EplObjMap.hpp">
      <Filter>头文件\ast_build</Filter>
    </ClInclude>
    <ClInclude Include="include\EplClassPublicity.hpp">
      <Filter>头文件\ast_build</Filter>
    </ClInclude>
    <ClInclude Include="include\EplFolderSection.hpp">
      <Filter>头文件\ast_build</Filter>
    </ClInclude>
    <ClInclude Include="include\EplLibObjMap.hpp">
      <Filter>头文件\ast_build</Filter>
    </ClInclude>
    <ClInclude Include="include\EplDefine.h">
      <Filter>头文件\ast_build</Filter>
    </ClInclude>
    <ClInclude Include="include\EplCodeTranslator.hpp">
      <Filter>头文件\ast_build</Filter>
    </ClInclude>
  </ItemGroup>
</Project>